{
  "name": "Start",
  "lockfileVersion": 3,
  "requires": true,
  "packages": {
    "": {
      "dependencies": {
        "@material-design-icons/font": "^0.14.13"
      }
    },
    "node_modules/@material-design-icons/font": {
      "version": "0.14.13",
      "resolved": "https://registry.npmjs.org/@material-design-icons/font/-/font-0.14.13.tgz",
      "integrity": "sha512-qU5Zms9VUdxxq4oC7lY+Eibz+O6YjmctGZKToUfqQOC4qVkbUNksu+0UizFBdbtx8euERZ3GGcFoN6F9LeXSMw=="
    }
  }
}
